// !$*UTF8*$!
{
	archiveVersion = 1;
	classes = {
	};
	objectVersion = 46;
	objects = {

/* Begin PBXBuildFile section */
		BAFCAF061C3177EA009EC7CE /* MessageCell.swift in Sources */ = {isa = PBXBuildFile; fileRef = BAFCAEEB1C3177E9009EC7CE /* MessageCell.swift */; };
		BAFCAF071C3177EA009EC7CE /* ViewController.swift in Sources */ = {isa = PBXBuildFile; fileRef = BAFCAEED1C3177E9009EC7CE /* ViewController.swift */; };
		BAFCAF081C3177EA009EC7CE /* String+Extensions.swift in Sources */ = {isa = PBXBuildFile; fileRef = BAFCAEEF1C3177E9009EC7CE /* String+Extensions.swift */; };
		BAFCAF091C3177EA009EC7CE /* UIImage+Extensions.swift in Sources */ = {isa = PBXBuildFile; fileRef = BAFCAEF01C3177E9009EC7CE /* UIImage+Extensions.swift */; };
		BAFCAF0A1C3177EA009EC7CE /* Message.swift in Sources */ = {isa = PBXBuildFile; fileRef = BAFCAEF21C3177EA009EC7CE /* Message.swift */; };
		BAFCAF0B1C3177EA009EC7CE /* User.swift in Sources */ = {isa = PBXBuildFile; fileRef = BAFCAEF31C3177EA009EC7CE /* User.swift */; };
		BAFCAF0C1C3177EA009EC7CE /* ChatService.swift in Sources */ = {isa = PBXBuildFile; fileRef = BAFCAEF51C3177EA009EC7CE /* ChatService.swift */; };
		BAFCAF0D1C3177EA009EC7CE /* LoginRequest.swift in Sources */ = {isa = PBXBuildFile; fileRef = BAFCAEF61C3177EA009EC7CE /* LoginRequest.swift */; };
		BAFCAF0E1C3177EA009EC7CE /* MessageListRequest.swift in Sources */ = {isa = PBXBuildFile; fileRef = BAFCAEF71C3177EA009EC7CE /* MessageListRequest.swift */; };
		BAFCAF0F1C3177EA009EC7CE /* Request.swift in Sources */ = {isa = PBXBuildFile; fileRef = BAFCAEF81C3177EA009EC7CE /* Request.swift */; };
		BAFCAF101C3177EA009EC7CE /* SendMessageRequest.swift in Sources */ = {isa = PBXBuildFile; fileRef = BAFCAEF91C3177EA009EC7CE /* SendMessageRequest.swift */; };
		BAFCAF111C3177EA009EC7CE /* UpdateSessionRequest.swift in Sources */ = {isa = PBXBuildFile; fileRef = BAFCAEFA1C3177EA009EC7CE /* UpdateSessionRequest.swift */; };
		BAFCAF121C3177EA009EC7CE /* Debug.swift in Sources */ = {isa = PBXBuildFile; fileRef = BAFCAEFC1C3177EA009EC7CE /* Debug.swift */; };
		BAFCAF131C3177EA009EC7CE /* HttpService.swift in Sources */ = {isa = PBXBuildFile; fileRef = BAFCAEFD1C3177EA009EC7CE /* HttpService.swift */; };
		BAFCAF141C3177EA009EC7CE /* ImageDownloader.swift in Sources */ = {isa = PBXBuildFile; fileRef = BAFCAEFE1C3177EA009EC7CE /* ImageDownloader.swift */; };
		BAFCAF151C3177EA009EC7CE /* BottomPanelView.swift in Sources */ = {isa = PBXBuildFile; fileRef = BAFCAF001C3177EA009EC7CE /* BottomPanelView.swift */; };
		BAFCAF161C3177EA009EC7CE /* ImageHolderView.swift in Sources */ = {isa = PBXBuildFile; fileRef = BAFCAF011C3177EA009EC7CE /* ImageHolderView.swift */; };
		BAFCAF171C3177EA009EC7CE /* IncomingTextView.swift in Sources */ = {isa = PBXBuildFile; fileRef = BAFCAF021C3177EA009EC7CE /* IncomingTextView.swift */; };
		BAFCAF181C3177EA009EC7CE /* MessageTextField.swift in Sources */ = {isa = PBXBuildFile; fileRef = BAFCAF031C3177EA009EC7CE /* MessageTextField.swift */; };
		BAFCAF191C3177EA009EC7CE /* OutgoingTextView.swift in Sources */ = {isa = PBXBuildFile; fileRef = BAFCAF041C3177EA009EC7CE /* OutgoingTextView.swift */; };
		BAFCAF1A1C3177EA009EC7CE /* TopPanelView.swift in Sources */ = {isa = PBXBuildFile; fileRef = BAFCAF051C3177EA009EC7CE /* TopPanelView.swift */; };
		BAFF27AA1C2A766C00528707 /* AppDelegate.swift in Sources */ = {isa = PBXBuildFile; fileRef = BAFF27A91C2A766C00528707 /* AppDelegate.swift */; };
		BAFF27AF1C2A766C00528707 /* Main.storyboard in Resources */ = {isa = PBXBuildFile; fileRef = BAFF27AD1C2A766C00528707 /* Main.storyboard */; };
		BAFF27B11C2A766C00528707 /* Assets.xcassets in Resources */ = {isa = PBXBuildFile; fileRef = BAFF27B01C2A766C00528707 /* Assets.xcassets */; };
/* End PBXBuildFile section */

/* Begin PBXFileReference section */
		BA553D3B1C2C3E480062D014 /* BridgingHeader.h */ = {isa = PBXFileReference; fileEncoding = 4; lastKnownFileType = sourcecode.c.h; path = BridgingHeader.h; sourceTree = "<group>"; };
		BAFCAEEB1C3177E9009EC7CE /* MessageCell.swift */ = {isa = PBXFileReference; fileEncoding = 4; lastKnownFileType = sourcecode.swift; path = MessageCell.swift; sourceTree = "<group>"; };
		BAFCAEED1C3177E9009EC7CE /* ViewController.swift */ = {isa = PBXFileReference; fileEncoding = 4; lastKnownFileType = sourcecode.swift; path = ViewController.swift; sourceTree = "<group>"; };
		BAFCAEEF1C3177E9009EC7CE /* String+Extensions.swift */ = {isa = PBXFileReference; fileEncoding = 4; lastKnownFileType = sourcecode.swift; path = "String+Extensions.swift"; sourceTree = "<group>"; };
		BAFCAEF01C3177E9009EC7CE /* UIImage+Extensions.swift */ = {isa = PBXFileReference; fileEncoding = 4; lastKnownFileType = sourcecode.swift; path = "UIImage+Extensions.swift"; sourceTree = "<group>"; };
		BAFCAEF21C3177EA009EC7CE /* Message.swift */ = {isa = PBXFileReference; fileEncoding = 4; lastKnownFileType = sourcecode.swift; path = Message.swift; sourceTree = "<group>"; };
		BAFCAEF31C3177EA009EC7CE /* User.swift */ = {isa = PBXFileReference; fileEncoding = 4; lastKnownFileType = sourcecode.swift; path = User.swift; sourceTree = "<group>"; };
		BAFCAEF51C3177EA009EC7CE /* ChatService.swift */ = {isa = PBXFileReference; fileEncoding = 4; lastKnownFileType = sourcecode.swift; path = ChatService.swift; sourceTree = "<group>"; };
		BAFCAEF61C3177EA009EC7CE /* LoginRequest.swift */ = {isa = PBXFileReference; fileEncoding = 4; lastKnownFileType = sourcecode.swift; path = LoginRequest.swift; sourceTree = "<group>"; };
		BAFCAEF71C3177EA009EC7CE /* MessageListRequest.swift */ = {isa = PBXFileReference; fileEncoding = 4; lastKnownFileType = sourcecode.swift; path = MessageListRequest.swift; sourceTree = "<group>"; };
		BAFCAEF81C3177EA009EC7CE /* Request.swift */ = {isa = PBXFileReference; fileEncoding = 4; lastKnownFileType = sourcecode.swift; path = Request.swift; sourceTree = "<group>"; };
		BAFCAEF91C3177EA009EC7CE /* SendMessageRequest.swift */ = {isa = PBXFileReference; fileEncoding = 4; lastKnownFileType = sourcecode.swift; path = SendMessageRequest.swift; sourceTree = "<group>"; };
		BAFCAEFA1C3177EA009EC7CE /* UpdateSessionRequest.swift */ = {isa = PBXFileReference; fileEncoding = 4; lastKnownFileType = sourcecode.swift; path = UpdateSessionRequest.swift; sourceTree = "<group>"; };
		BAFCAEFC1C3177EA009EC7CE /* Debug.swift */ = {isa = PBXFileReference; fileEncoding = 4; lastKnownFileType = sourcecode.swift; path = Debug.swift; sourceTree = "<group>"; };
		BAFCAEFD1C3177EA009EC7CE /* HttpService.swift */ = {isa = PBXFileReference; fileEncoding = 4; lastKnownFileType = sourcecode.swift; path = HttpService.swift; sourceTree = "<group>"; };
		BAFCAEFE1C3177EA009EC7CE /* ImageDownloader.swift */ = {isa = PBXFileReference; fileEncoding = 4; lastKnownFileType = sourcecode.swift; path = ImageDownloader.swift; sourceTree = "<group>"; };
		BAFCAF001C3177EA009EC7CE /* BottomPanelView.swift */ = {isa = PBXFileReference; fileEncoding = 4; lastKnownFileType = sourcecode.swift; path = BottomPanelView.swift; sourceTree = "<group>"; };
		BAFCAF011C3177EA009EC7CE /* ImageHolderView.swift */ = {isa = PBXFileReference; fileEncoding = 4; lastKnownFileType = sourcecode.swift; path = ImageHolderView.swift; sourceTree = "<group>"; };
		BAFCAF021C3177EA009EC7CE /* IncomingTextView.swift */ = {isa = PBXFileReference; fileEncoding = 4; lastKnownFileType = sourcecode.swift; path = IncomingTextView.swift; sourceTree = "<group>"; };
		BAFCAF031C3177EA009EC7CE /* MessageTextField.swift */ = {isa = PBXFileReference; fileEncoding = 4; lastKnownFileType = sourcecode.swift; path = MessageTextField.swift; sourceTree = "<group>"; };
		BAFCAF041C3177EA009EC7CE /* OutgoingTextView.swift */ = {isa = PBXFileReference; fileEncoding = 4; lastKnownFileType = sourcecode.swift; path = OutgoingTextView.swift; sourceTree = "<group>"; };
		BAFCAF051C3177EA009EC7CE /* TopPanelView.swift */ = {isa = PBXFileReference; fileEncoding = 4; lastKnownFileType = sourcecode.swift; path = TopPanelView.swift; sourceTree = "<group>"; };
		BAFF27A61C2A766C00528707 /* SocialAppPrototype.app */ = {isa = PBXFileReference; explicitFileType = wrapper.application; includeInIndex = 0; path = SocialAppPrototype.app; sourceTree = BUILT_PRODUCTS_DIR; };
		BAFF27A91C2A766C00528707 /* AppDelegate.swift */ = {isa = PBXFileReference; lastKnownFileType = sourcecode.swift; path = AppDelegate.swift; sourceTree = "<group>"; };
		BAFF27AE1C2A766C00528707 /* Base */ = {isa = PBXFileReference; lastKnownFileType = file.storyboard; name = Base; path = Base.lproj/Main.storyboard; sourceTree = "<group>"; };
		BAFF27B01C2A766C00528707 /* Assets.xcassets */ = {isa = PBXFileReference; lastKnownFileType = folder.assetcatalog; path = Assets.xcassets; sourceTree = "<group>"; };
		BAFF27B51C2A766C00528707 /* Info.plist */ = {isa = PBXFileReference; lastKnownFileType = text.plist.xml; path = Info.plist; sourceTree = "<group>"; };
/* End PBXFileReference section */

/* Begin PBXFrameworksBuildPhase section */
		BAFF27A31C2A766C00528707 /* Frameworks */ = {
			isa = PBXFrameworksBuildPhase;
			buildActionMask = 2147483647;
			files = (
			);
			runOnlyForDeploymentPostprocessing = 0;
		};
/* End PBXFrameworksBuildPhase section */

/* Begin PBXGroup section */
		BAFCAEEA1C3177E9009EC7CE /* Cell */ = {
			isa = PBXGroup;
			children = (
				BAFCAEEB1C3177E9009EC7CE /* MessageCell.swift */,
			);
			path = Cell;
			sourceTree = "<group>";
		};
		BAFCAEEC1C3177E9009EC7CE /* Controller */ = {
			isa = PBXGroup;
			children = (
				BAFCAEED1C3177E9009EC7CE /* ViewController.swift */,
			);
			path = Controller;
			sourceTree = "<group>";
		};
		BAFCAEEE1C3177E9009EC7CE /* Extension */ = {
			isa = PBXGroup;
			children = (
				BAFCAEEF1C3177E9009EC7CE /* String+Extensions.swift */,
				BAFCAEF01C3177E9009EC7CE /* UIImage+Extensions.swift */,
			);
			path = Extension;
			sourceTree = "<group>";
		};
		BAFCAEF11C3177E9009EC7CE /* Model */ = {
			isa = PBXGroup;
			children = (
				BAFCAEF21C3177EA009EC7CE /* Message.swift */,
				BAFCAEF31C3177EA009EC7CE /* User.swift */,
			);
			path = Model;
			sourceTree = "<group>";
		};
		BAFCAEF41C3177EA009EC7CE /* Service */ = {
			isa = PBXGroup;
			children = (
				BAFCAEF51C3177EA009EC7CE /* ChatService.swift */,
				BAFCAEF61C3177EA009EC7CE /* LoginRequest.swift */,
				BAFCAEF71C3177EA009EC7CE /* MessageListRequest.swift */,
				BAFCAEF81C3177EA009EC7CE /* Request.swift */,
				BAFCAEF91C3177EA009EC7CE /* SendMessageRequest.swift */,
				BAFCAEFA1C3177EA009EC7CE /* UpdateSessionRequest.swift */,
			);
			path = Service;
			sourceTree = "<group>";
		};
		BAFCAEFB1C3177EA009EC7CE /* Util */ = {
			isa = PBXGroup;
			children = (
				BAFCAEFC1C3177EA009EC7CE /* Debug.swift */,
				BAFCAEFD1C3177EA009EC7CE /* HttpService.swift */,
				BAFCAEFE1C3177EA009EC7CE /* ImageDownloader.swift */,
			);
			path = Util;
			sourceTree = "<group>";
		};
		BAFCAEFF1C3177EA009EC7CE /* View */ = {
			isa = PBXGroup;
			children = (
				BAFCAF001C3177EA009EC7CE /* BottomPanelView.swift */,
				BAFCAF011C3177EA009EC7CE /* ImageHolderView.swift */,
				BAFCAF021C3177EA009EC7CE /* IncomingTextView.swift */,
				BAFCAF031C3177EA009EC7CE /* MessageTextField.swift */,
				BAFCAF041C3177EA009EC7CE /* OutgoingTextView.swift */,
				BAFCAF051C3177EA009EC7CE /* TopPanelView.swift */,
			);
			path = View;
			sourceTree = "<group>";
		};
		BAFF279D1C2A766C00528707 = {
			isa = PBXGroup;
			children = (
				BAFF27A81C2A766C00528707 /* SocialAppPrototype */,
				BAFF27A71C2A766C00528707 /* Products */,
			);
			sourceTree = "<group>";
		};
		BAFF27A71C2A766C00528707 /* Products */ = {
			isa = PBXGroup;
			children = (
				BAFF27A61C2A766C00528707 /* SocialAppPrototype.app */,
			);
			name = Products;
			sourceTree = "<group>";
		};
		BAFF27A81C2A766C00528707 /* SocialAppPrototype */ = {
			isa = PBXGroup;
			children = (
				BAFCAEEA1C3177E9009EC7CE /* Cell */,
				BAFCAEEC1C3177E9009EC7CE /* Controller */,
				BAFCAEEE1C3177E9009EC7CE /* Extension */,
				BAFCAEF11C3177E9009EC7CE /* Model */,
				BAFCAEF41C3177EA009EC7CE /* Service */,
				BAFCAEFB1C3177EA009EC7CE /* Util */,
				BAFCAEFF1C3177EA009EC7CE /* View */,
				BAFF27A91C2A766C00528707 /* AppDelegate.swift */,
				BA553D3B1C2C3E480062D014 /* BridgingHeader.h */,
				BAFF27AD1C2A766C00528707 /* Main.storyboard */,
				BAFF27B01C2A766C00528707 /* Assets.xcassets */,
				BAFF27B51C2A766C00528707 /* Info.plist */,
			);
			path = SocialAppPrototype;
			sourceTree = "<group>";
		};
/* End PBXGroup section */

/* Begin PBXNativeTarget section */
		BAFF27A51C2A766C00528707 /* SocialAppPrototype */ = {
			isa = PBXNativeTarget;
			buildConfigurationList = BAFF27B81C2A766C00528707 /* Build configuration list for PBXNativeTarget "SocialAppPrototype" */;
			buildPhases = (
				BAFF27A21C2A766C00528707 /* Sources */,
				BAFF27A31C2A766C00528707 /* Frameworks */,
				BAFF27A41C2A766C00528707 /* Resources */,
			);
			buildRules = (
			);
			dependencies = (
			);
			name = SocialAppPrototype;
			productName = SocialAppPrototype;
			productReference = BAFF27A61C2A766C00528707 /* SocialAppPrototype.app */;
			productType = "com.apple.product-type.application";
		};
/* End PBXNativeTarget section */

/* Begin PBXProject section */
		BAFF279E1C2A766C00528707 /* Project object */ = {
			isa = PBXProject;
			attributes = {
				LastSwiftUpdateCheck = 0720;
				LastUpgradeCheck = 0720;
				ORGANIZATIONNAME = "Decode LLC";
				TargetAttributes = {
					BAFF27A51C2A766C00528707 = {
						CreatedOnToolsVersion = 7.2;
					};
				};
			};
			buildConfigurationList = BAFF27A11C2A766C00528707 /* Build configuration list for PBXProject "SocialAppPrototype" */;
			compatibilityVersion = "Xcode 3.2";
			developmentRegion = English;
			hasScannedForEncodings = 0;
			knownRegions = (
				en,
				Base,
			);
			mainGroup = BAFF279D1C2A766C00528707;
			productRefGroup = BAFF27A71C2A766C00528707 /* Products */;
			projectDirPath = "";
			projectRoot = "";
			targets = (
				BAFF27A51C2A766C00528707 /* SocialAppPrototype */,
			);
		};
/* End PBXProject section */

/* Begin PBXResourcesBuildPhase section */
		BAFF27A41C2A766C00528707 /* Resources */ = {
			isa = PBXResourcesBuildPhase;
			buildActionMask = 2147483647;
			files = (
				BAFF27B11C2A766C00528707 /* Assets.xcassets in Resources */,
				BAFF27AF1C2A766C00528707 /* Main.storyboard in Resources */,
			);
			runOnlyForDeploymentPostprocessing = 0;
		};
/* End PBXResourcesBuildPhase section */

/* Begin PBXSourcesBuildPhase section */
		BAFF27A21C2A766C00528707 /* Sources */ = {
			isa = PBXSourcesBuildPhase;
			buildActionMask = 2147483647;
			files = (
				BAFCAF0D1C3177EA009EC7CE /* LoginRequest.swift in Sources */,
				BAFCAF0E1C3177EA009EC7CE /* MessageListRequest.swift in Sources */,
				BAFCAF161C3177EA009EC7CE /* ImageHolderView.swift in Sources */,
				BAFCAF141C3177EA009EC7CE /* ImageDownloader.swift in Sources */,
				BAFCAF081C3177EA009EC7CE /* String+Extensions.swift in Sources */,
				BAFCAF071C3177EA009EC7CE /* ViewController.swift in Sources */,
				BAFCAF171C3177EA009EC7CE /* IncomingTextView.swift in Sources */,
				BAFCAF181C3177EA009EC7CE /* MessageTextField.swift in Sources */,
				BAFCAF0F1C3177EA009EC7CE /* Request.swift in Sources */,
				BAFCAF151C3177EA009EC7CE /* BottomPanelView.swift in Sources */,
				BAFCAF121C3177EA009EC7CE /* Debug.swift in Sources */,
				BAFCAF091C3177EA009EC7CE /* UIImage+Extensions.swift in Sources */,
				BAFCAF111C3177EA009EC7CE /* UpdateSessionRequest.swift in Sources */,
				BAFCAF1A1C3177EA009EC7CE /* TopPanelView.swift in Sources */,
				BAFCAF0A1C3177EA009EC7CE /* Message.swift in Sources */,
				BAFCAF101C3177EA009EC7CE /* SendMessageRequest.swift in Sources */,
				BAFF27AA1C2A766C00528707 /* AppDelegate.swift in Sources */,
				BAFCAF0C1C3177EA009EC7CE /* ChatService.swift in Sources */,
				BAFCAF191C3177EA009EC7CE /* OutgoingTextView.swift in Sources */,
				BAFCAF061C3177EA009EC7CE /* MessageCell.swift in Sources */,
				BAFCAF0B1C3177EA009EC7CE /* User.swift in Sources */,
				BAFCAF131C3177EA009EC7CE /* HttpService.swift in Sources */,
			);
			runOnlyForDeploymentPostprocessing = 0;
		};
/* End PBXSourcesBuildPhase section */

/* Begin PBXVariantGroup section */
		BAFF27AD1C2A766C00528707 /* Main.storyboard */ = {
			isa = PBXVariantGroup;
			children = (
				BAFF27AE1C2A766C00528707 /* Base */,
			);
			name = Main.storyboard;
			sourceTree = "<group>";
		};
/* End PBXVariantGroup section */

/* Begin XCBuildConfiguration section */
		BAFF27B61C2A766C00528707 /* Debug */ = {
			isa = XCBuildConfiguration;
			buildSettings = {
				ALWAYS_SEARCH_USER_PATHS = NO;
				CLANG_CXX_LANGUAGE_STANDARD = "gnu++0x";
				CLANG_CXX_LIBRARY = "libc++";
				CLANG_ENABLE_MODULES = YES;
				CLANG_ENABLE_OBJC_ARC = YES;
				CLANG_WARN_BOOL_CONVERSION = YES;
				CLANG_WARN_CONSTANT_CONVERSION = YES;
				CLANG_WARN_DIRECT_OBJC_ISA_USAGE = YES_ERROR;
				CLANG_WARN_EMPTY_BODY = YES;
				CLANG_WARN_ENUM_CONVERSION = YES;
				CLANG_WARN_INT_CONVERSION = YES;
				CLANG_WARN_OBJC_ROOT_CLASS = YES_ERROR;
				CLANG_WARN_UNREACHABLE_CODE = YES;
				CLANG_WARN__DUPLICATE_METHOD_MATCH = YES;
				"CODE_SIGN_IDENTITY[sdk=iphoneos*]" = "iPhone Developer";
				COPY_PHASE_STRIP = NO;
				DEBUG_INFORMATION_FORMAT = dwarf;
				ENABLE_STRICT_OBJC_MSGSEND = YES;
				ENABLE_TESTABILITY = YES;
				GCC_C_LANGUAGE_STANDARD = gnu99;
				GCC_DYNAMIC_NO_PIC = NO;
				GCC_NO_COMMON_BLOCKS = YES;
				GCC_OPTIMIZATION_LEVEL = 0;
				GCC_PREPROCESSOR_DEFINITIONS = (
					"DEBUG=1",
					"$(inherited)",
				);
				GCC_WARN_64_TO_32_BIT_CONVERSION = YES;
				GCC_WARN_ABOUT_RETURN_TYPE = YES_ERROR;
				GCC_WARN_UNDECLARED_SELECTOR = YES;
				GCC_WARN_UNINITIALIZED_AUTOS = YES_AGGRESSIVE;
				GCC_WARN_UNUSED_FUNCTION = YES;
				GCC_WARN_UNUSED_VARIABLE = YES;
				IPHONEOS_DEPLOYMENT_TARGET = 9.2;
				MTL_ENABLE_DEBUG_INFO = YES;
				ONLY_ACTIVE_ARCH = YES;
				SDKROOT = iphoneos;
				SWIFT_OPTIMIZATION_LEVEL = "-Onone";
				TARGETED_DEVICE_FAMILY = "1,2";
			};
			name = Debug;
		};
		BAFF27B71C2A766C00528707 /* Release */ = {
			isa = XCBuildConfiguration;
			buildSettings = {
				ALWAYS_SEARCH_USER_PATHS = NO;
				CLANG_CXX_LANGUAGE_STANDARD = "gnu++0x";
				CLANG_CXX_LIBRARY = "libc++";
				CLANG_ENABLE_MODULES = YES;
				CLANG_ENABLE_OBJC_ARC = YES;
				CLANG_WARN_BOOL_CONVERSION = YES;
				CLANG_WARN_CONSTANT_CONVERSION = YES;
				CLANG_WARN_DIRECT_OBJC_ISA_USAGE = YES_ERROR;
				CLANG_WARN_EMPTY_BODY = YES;
				CLANG_WARN_ENUM_CONVERSION = YES;
				CLANG_WARN_INT_CONVERSION = YES;
				CLANG_WARN_OBJC_ROOT_CLASS = YES_ERROR;
				CLANG_WARN_UNREACHABLE_CODE = YES;
				CLANG_WARN__DUPLICATE_METHOD_MATCH = YES;
				"CODE_SIGN_IDENTITY[sdk=iphoneos*]" = "iPhone Developer";
				COPY_PHASE_STRIP = NO;
				DEBUG_INFORMATION_FORMAT = "dwarf-with-dsym";
				ENABLE_NS_ASSERTIONS = NO;
				ENABLE_STRICT_OBJC_MSGSEND = YES;
				GCC_C_LANGUAGE_STANDARD = gnu99;
				GCC_NO_COMMON_BLOCKS = YES;
				GCC_WARN_64_TO_32_BIT_CONVERSION = YES;
				GCC_WARN_ABOUT_RETURN_TYPE = YES_ERROR;
				GCC_WARN_UNDECLARED_SELECTOR = YES;
				GCC_WARN_UNINITIALIZED_AUTOS = YES_AGGRESSIVE;
				GCC_WARN_UNUSED_FUNCTION = YES;
				GCC_WARN_UNUSED_VARIABLE = YES;
				IPHONEOS_DEPLOYMENT_TARGET = 9.2;
				MTL_ENABLE_DEBUG_INFO = NO;
				SDKROOT = iphoneos;
				TARGETED_DEVICE_FAMILY = "1,2";
				VALIDATE_PRODUCT = YES;
			};
			name = Release;
		};
		BAFF27B91C2A766C00528707 /* Debug */ = {
			isa = XCBuildConfiguration;
			buildSettings = {
				ASSETCATALOG_COMPILER_APPICON_NAME = AppIcon;
				INFOPLIST_FILE = SocialAppPrototype/Info.plist;
				IPHONEOS_DEPLOYMENT_TARGET = 9.1;
				LD_RUNPATH_SEARCH_PATHS = "$(inherited) @executable_path/Frameworks";
				PRODUCT_BUNDLE_IDENTIFIER = com.decode.SocialAppPrototype;
				PRODUCT_NAME = "$(TARGET_NAME)";
				SWIFT_OBJC_BRIDGING_HEADER = SocialAppPrototype/BridgingHeader.h;
			};
			name = Debug;
		};
		BAFF27BA1C2A766C00528707 /* Release */ = {
			isa = XCBuildConfiguration;
			buildSettings = {
				ASSETCATALOG_COMPILER_APPICON_NAME = AppIcon;
				INFOPLIST_FILE = SocialAppPrototype/Info.plist;
				IPHONEOS_DEPLOYMENT_TARGET = 9.1;
				LD_RUNPATH_SEARCH_PATHS = "$(inherited) @executable_path/Frameworks";
				PRODUCT_BUNDLE_IDENTIFIER = com.decode.SocialAppPrototype;
				PRODUCT_NAME = "$(TARGET_NAME)";
				SWIFT_OBJC_BRIDGING_HEADER = SocialAppPrototype/BridgingHeader.h;
			};
			name = Release;
		};
/* End XCBuildConfiguration section */

/* Begin XCConfigurationList section */
		BAFF27A11C2A766C00528707 /* Build configuration list for PBXProject "SocialAppPrototype" */ = {
			isa = XCConfigurationList;
			buildConfigurations = (
				BAFF27B61C2A766C00528707 /* Debug */,
				BAFF27B71C2A766C00528707 /* Release */,
			);
			defaultConfigurationIsVisible = 0;
			defaultConfigurationName = Release;
		};
		BAFF27B81C2A766C00528707 /* Build configuration list for PBXNativeTarget "SocialAppPrototype" */ = {
			isa = XCConfigurationList;
			buildConfigurations = (
				BAFF27B91C2A766C00528707 /* Debug */,
				BAFF27BA1C2A766C00528707 /* Release */,
			);
			defaultConfigurationIsVisible = 0;
			defaultConfigurationName = Release;
		};
/* End XCConfigurationList section */
	};
	rootObject = BAFF279E1C2A766C00528707 /* Project object */;
}
