// !$*UTF8*$!
{
	archiveVersion = 1;
	classes = {
	};
	objectVersion = 46;
	objects = {

/* Begin PBXBuildFile section */
		BAFF27AA1C2A766C00528707 /* AppDelegate.swift in Sources */ = {isa = PBXBuildFile; fileRef = BAFF27A91C2A766C00528707 /* AppDelegate.swift */; };
		BAFF27AC1C2A766C00528707 /* ViewController.swift in Sources */ = {isa = PBXBuildFile; fileRef = BAFF27AB1C2A766C00528707 /* ViewController.swift */; };
		BAFF27AF1C2A766C00528707 /* Main.storyboard in Resources */ = {isa = PBXBuildFile; fileRef = BAFF27AD1C2A766C00528707 /* Main.storyboard */; };
		BAFF27B11C2A766C00528707 /* Assets.xcassets in Resources */ = {isa = PBXBuildFile; fileRef = BAFF27B01C2A766C00528707 /* Assets.xcassets */; };
		BAFF27D31C2ADF7A00528707 /* User.swift in Sources */ = {isa = PBXBuildFile; fileRef = BAFF27D21C2ADF7A00528707 /* User.swift */; };
		BAFF27D51C2AE85200528707 /* Message.swift in Sources */ = {isa = PBXBuildFile; fileRef = BAFF27D41C2AE85200528707 /* Message.swift */; };
		BAFF27DF1C2AECC200528707 /* Debug.swift in Sources */ = {isa = PBXBuildFile; fileRef = BAFF27DD1C2AECC200528707 /* Debug.swift */; };
		BAFF27E01C2AECC200528707 /* HttpService.swift in Sources */ = {isa = PBXBuildFile; fileRef = BAFF27DE1C2AECC200528707 /* HttpService.swift */; };
		BAFF27E21C2AED6F00528707 /* MessageCell.swift in Sources */ = {isa = PBXBuildFile; fileRef = BAFF27E11C2AED6F00528707 /* MessageCell.swift */; };
/* End PBXBuildFile section */

/* Begin PBXFileReference section */
		BAFF27A61C2A766C00528707 /* SocialAppPrototype.app */ = {isa = PBXFileReference; explicitFileType = wrapper.application; includeInIndex = 0; path = SocialAppPrototype.app; sourceTree = BUILT_PRODUCTS_DIR; };
		BAFF27A91C2A766C00528707 /* AppDelegate.swift */ = {isa = PBXFileReference; lastKnownFileType = sourcecode.swift; path = AppDelegate.swift; sourceTree = "<group>"; };
		BAFF27AB1C2A766C00528707 /* ViewController.swift */ = {isa = PBXFileReference; lastKnownFileType = sourcecode.swift; path = ViewController.swift; sourceTree = "<group>"; };
		BAFF27AE1C2A766C00528707 /* Base */ = {isa = PBXFileReference; lastKnownFileType = file.storyboard; name = Base; path = Base.lproj/Main.storyboard; sourceTree = "<group>"; };
		BAFF27B01C2A766C00528707 /* Assets.xcassets */ = {isa = PBXFileReference; lastKnownFileType = folder.assetcatalog; path = Assets.xcassets; sourceTree = "<group>"; };
		BAFF27B51C2A766C00528707 /* Info.plist */ = {isa = PBXFileReference; lastKnownFileType = text.plist.xml; path = Info.plist; sourceTree = "<group>"; };
		BAFF27D21C2ADF7A00528707 /* User.swift */ = {isa = PBXFileReference; fileEncoding = 4; lastKnownFileType = sourcecode.swift; path = User.swift; sourceTree = "<group>"; };
		BAFF27D41C2AE85200528707 /* Message.swift */ = {isa = PBXFileReference; fileEncoding = 4; lastKnownFileType = sourcecode.swift; path = Message.swift; sourceTree = "<group>"; };
		BAFF27DD1C2AECC200528707 /* Debug.swift */ = {isa = PBXFileReference; fileEncoding = 4; lastKnownFileType = sourcecode.swift; name = Debug.swift; path = Utils/Debug.swift; sourceTree = "<group>"; };
		BAFF27DE1C2AECC200528707 /* HttpService.swift */ = {isa = PBXFileReference; fileEncoding = 4; lastKnownFileType = sourcecode.swift; name = HttpService.swift; path = Utils/HttpService.swift; sourceTree = "<group>"; };
		BAFF27E11C2AED6F00528707 /* MessageCell.swift */ = {isa = PBXFileReference; fileEncoding = 4; lastKnownFileType = sourcecode.swift; path = MessageCell.swift; sourceTree = "<group>"; };
/* End PBXFileReference section */

/* Begin PBXFrameworksBuildPhase section */
		BAFF27A31C2A766C00528707 /* Frameworks */ = {
			isa = PBXFrameworksBuildPhase;
			buildActionMask = 2147483647;
			files = (
			);
			runOnlyForDeploymentPostprocessing = 0;
		};
/* End PBXFrameworksBuildPhase section */

/* Begin PBXGroup section */
		BAFF279D1C2A766C00528707 = {
			isa = PBXGroup;
			children = (
				BAFF27A81C2A766C00528707 /* SocialAppPrototype */,
				BAFF27A71C2A766C00528707 /* Products */,
			);
			sourceTree = "<group>";
		};
		BAFF27A71C2A766C00528707 /* Products */ = {
			isa = PBXGroup;
			children = (
				BAFF27A61C2A766C00528707 /* SocialAppPrototype.app */,
			);
			name = Products;
			sourceTree = "<group>";
		};
		BAFF27A81C2A766C00528707 /* SocialAppPrototype */ = {
			isa = PBXGroup;
			children = (
				BAFF27A91C2A766C00528707 /* AppDelegate.swift */,
				BAFF27AB1C2A766C00528707 /* ViewController.swift */,
				BAFF27E11C2AED6F00528707 /* MessageCell.swift */,
				BAFF27D41C2AE85200528707 /* Message.swift */,
				BAFF27D21C2ADF7A00528707 /* User.swift */,
				BAFF27DC1C2AECB700528707 /* Utils */,
				BAFF27AD1C2A766C00528707 /* Main.storyboard */,
				BAFF27B01C2A766C00528707 /* Assets.xcassets */,
				BAFF27B51C2A766C00528707 /* Info.plist */,
			);
			path = SocialAppPrototype;
			sourceTree = "<group>";
		};
		BAFF27DC1C2AECB700528707 /* Utils */ = {
			isa = PBXGroup;
			children = (
				BAFF27DD1C2AECC200528707 /* Debug.swift */,
				BAFF27DE1C2AECC200528707 /* HttpService.swift */,
			);
			name = Utils;
			sourceTree = "<group>";
		};
/* End PBXGroup section */

/* Begin PBXNativeTarget section */
		BAFF27A51C2A766C00528707 /* SocialAppPrototype */ = {
			isa = PBXNativeTarget;
			buildConfigurationList = BAFF27B81C2A766C00528707 /* Build configuration list for PBXNativeTarget "SocialAppPrototype" */;
			buildPhases = (
				BAFF27A21C2A766C00528707 /* Sources */,
				BAFF27A31C2A766C00528707 /* Frameworks */,
				BAFF27A41C2A766C00528707 /* Resources */,
			);
			buildRules = (
			);
			dependencies = (
			);
			name = SocialAppPrototype;
			productName = SocialAppPrototype;
			productReference = BAFF27A61C2A766C00528707 /* SocialAppPrototype.app */;
			productType = "com.apple.product-type.application";
		};
/* End PBXNativeTarget section */

/* Begin PBXProject section */
		BAFF279E1C2A766C00528707 /* Project object */ = {
			isa = PBXProject;
			attributes = {
				LastSwiftUpdateCheck = 0720;
				LastUpgradeCheck = 0720;
				ORGANIZATIONNAME = "Decode LLC";
				TargetAttributes = {
					BAFF27A51C2A766C00528707 = {
						CreatedOnToolsVersion = 7.2;
					};
				};
			};
			buildConfigurationList = BAFF27A11C2A766C00528707 /* Build configuration list for PBXProject "SocialAppPrototype" */;
			compatibilityVersion = "Xcode 3.2";
			developmentRegion = English;
			hasScannedForEncodings = 0;
			knownRegions = (
				en,
				Base,
			);
			mainGroup = BAFF279D1C2A766C00528707;
			productRefGroup = BAFF27A71C2A766C00528707 /* Products */;
			projectDirPath = "";
			projectRoot = "";
			targets = (
				BAFF27A51C2A766C00528707 /* SocialAppPrototype */,
			);
		};
/* End PBXProject section */

/* Begin PBXResourcesBuildPhase section */
		BAFF27A41C2A766C00528707 /* Resources */ = {
			isa = PBXResourcesBuildPhase;
			buildActionMask = 2147483647;
			files = (
				BAFF27B11C2A766C00528707 /* Assets.xcassets in Resources */,
				BAFF27AF1C2A766C00528707 /* Main.storyboard in Resources */,
			);
			runOnlyForDeploymentPostprocessing = 0;
		};
/* End PBXResourcesBuildPhase section */

/* Begin PBXSourcesBuildPhase section */
		BAFF27A21C2A766C00528707 /* Sources */ = {
			isa = PBXSourcesBuildPhase;
			buildActionMask = 2147483647;
			files = (
				BAFF27E21C2AED6F00528707 /* MessageCell.swift in Sources */,
				BAFF27AC1C2A766C00528707 /* ViewController.swift in Sources */,
				BAFF27DF1C2AECC200528707 /* Debug.swift in Sources */,
				BAFF27D51C2AE85200528707 /* Message.swift in Sources */,
				BAFF27AA1C2A766C00528707 /* AppDelegate.swift in Sources */,
				BAFF27D31C2ADF7A00528707 /* User.swift in Sources */,
				BAFF27E01C2AECC200528707 /* HttpService.swift in Sources */,
			);
			runOnlyForDeploymentPostprocessing = 0;
		};
/* End PBXSourcesBuildPhase section */

/* Begin PBXVariantGroup section */
		BAFF27AD1C2A766C00528707 /* Main.storyboard */ = {
			isa = PBXVariantGroup;
			children = (
				BAFF27AE1C2A766C00528707 /* Base */,
			);
			name = Main.storyboard;
			sourceTree = "<group>";
		};
/* End PBXVariantGroup section */

/* Begin XCBuildConfiguration section */
		BAFF27B61C2A766C00528707 /* Debug */ = {
			isa = XCBuildConfiguration;
			buildSettings = {
				ALWAYS_SEARCH_USER_PATHS = NO;
				CLANG_CXX_LANGUAGE_STANDARD = "gnu++0x";
				CLANG_CXX_LIBRARY = "libc++";
				CLANG_ENABLE_MODULES = YES;
				CLANG_ENABLE_OBJC_ARC = YES;
				CLANG_WARN_BOOL_CONVERSION = YES;
				CLANG_WARN_CONSTANT_CONVERSION = YES;
				CLANG_WARN_DIRECT_OBJC_ISA_USAGE = YES_ERROR;
				CLANG_WARN_EMPTY_BODY = YES;
				CLANG_WARN_ENUM_CONVERSION = YES;
				CLANG_WARN_INT_CONVERSION = YES;
				CLANG_WARN_OBJC_ROOT_CLASS = YES_ERROR;
				CLANG_WARN_UNREACHABLE_CODE = YES;
				CLANG_WARN__DUPLICATE_METHOD_MATCH = YES;
				"CODE_SIGN_IDENTITY[sdk=iphoneos*]" = "iPhone Developer";
				COPY_PHASE_STRIP = NO;
				DEBUG_INFORMATION_FORMAT = dwarf;
				ENABLE_STRICT_OBJC_MSGSEND = YES;
				ENABLE_TESTABILITY = YES;
				GCC_C_LANGUAGE_STANDARD = gnu99;
				GCC_DYNAMIC_NO_PIC = NO;
				GCC_NO_COMMON_BLOCKS = YES;
				GCC_OPTIMIZATION_LEVEL = 0;
				GCC_PREPROCESSOR_DEFINITIONS = (
					"DEBUG=1",
					"$(inherited)",
				);
				GCC_WARN_64_TO_32_BIT_CONVERSION = YES;
				GCC_WARN_ABOUT_RETURN_TYPE = YES_ERROR;
				GCC_WARN_UNDECLARED_SELECTOR = YES;
				GCC_WARN_UNINITIALIZED_AUTOS = YES_AGGRESSIVE;
				GCC_WARN_UNUSED_FUNCTION = YES;
				GCC_WARN_UNUSED_VARIABLE = YES;
				IPHONEOS_DEPLOYMENT_TARGET = 9.2;
				MTL_ENABLE_DEBUG_INFO = YES;
				ONLY_ACTIVE_ARCH = YES;
				SDKROOT = iphoneos;
				SWIFT_OPTIMIZATION_LEVEL = "-Onone";
				TARGETED_DEVICE_FAMILY = "1,2";
			};
			name = Debug;
		};
		BAFF27B71C2A766C00528707 /* Release */ = {
			isa = XCBuildConfiguration;
			buildSettings = {
				ALWAYS_SEARCH_USER_PATHS = NO;
				CLANG_CXX_LANGUAGE_STANDARD = "gnu++0x";
				CLANG_CXX_LIBRARY = "libc++";
				CLANG_ENABLE_MODULES = YES;
				CLANG_ENABLE_OBJC_ARC = YES;
				CLANG_WARN_BOOL_CONVERSION = YES;
				CLANG_WARN_CONSTANT_CONVERSION = YES;
				CLANG_WARN_DIRECT_OBJC_ISA_USAGE = YES_ERROR;
				CLANG_WARN_EMPTY_BODY = YES;
				CLANG_WARN_ENUM_CONVERSION = YES;
				CLANG_WARN_INT_CONVERSION = YES;
				CLANG_WARN_OBJC_ROOT_CLASS = YES_ERROR;
				CLANG_WARN_UNREACHABLE_CODE = YES;
				CLANG_WARN__DUPLICATE_METHOD_MATCH = YES;
				"CODE_SIGN_IDENTITY[sdk=iphoneos*]" = "iPhone Developer";
				COPY_PHASE_STRIP = NO;
				DEBUG_INFORMATION_FORMAT = "dwarf-with-dsym";
				ENABLE_NS_ASSERTIONS = NO;
				ENABLE_STRICT_OBJC_MSGSEND = YES;
				GCC_C_LANGUAGE_STANDARD = gnu99;
				GCC_NO_COMMON_BLOCKS = YES;
				GCC_WARN_64_TO_32_BIT_CONVERSION = YES;
				GCC_WARN_ABOUT_RETURN_TYPE = YES_ERROR;
				GCC_WARN_UNDECLARED_SELECTOR = YES;
				GCC_WARN_UNINITIALIZED_AUTOS = YES_AGGRESSIVE;
				GCC_WARN_UNUSED_FUNCTION = YES;
				GCC_WARN_UNUSED_VARIABLE = YES;
				IPHONEOS_DEPLOYMENT_TARGET = 9.2;
				MTL_ENABLE_DEBUG_INFO = NO;
				SDKROOT = iphoneos;
				TARGETED_DEVICE_FAMILY = "1,2";
				VALIDATE_PRODUCT = YES;
			};
			name = Release;
		};
		BAFF27B91C2A766C00528707 /* Debug */ = {
			isa = XCBuildConfiguration;
			buildSettings = {
				ASSETCATALOG_COMPILER_APPICON_NAME = AppIcon;
				INFOPLIST_FILE = SocialAppPrototype/Info.plist;
				LD_RUNPATH_SEARCH_PATHS = "$(inherited) @executable_path/Frameworks";
				PRODUCT_BUNDLE_IDENTIFIER = com.decode.SocialAppPrototype;
				PRODUCT_NAME = "$(TARGET_NAME)";
			};
			name = Debug;
		};
		BAFF27BA1C2A766C00528707 /* Release */ = {
			isa = XCBuildConfiguration;
			buildSettings = {
				ASSETCATALOG_COMPILER_APPICON_NAME = AppIcon;
				INFOPLIST_FILE = SocialAppPrototype/Info.plist;
				LD_RUNPATH_SEARCH_PATHS = "$(inherited) @executable_path/Frameworks";
				PRODUCT_BUNDLE_IDENTIFIER = com.decode.SocialAppPrototype;
				PRODUCT_NAME = "$(TARGET_NAME)";
			};
			name = Release;
		};
/* End XCBuildConfiguration section */

/* Begin XCConfigurationList section */
		BAFF27A11C2A766C00528707 /* Build configuration list for PBXProject "SocialAppPrototype" */ = {
			isa = XCConfigurationList;
			buildConfigurations = (
				BAFF27B61C2A766C00528707 /* Debug */,
				BAFF27B71C2A766C00528707 /* Release */,
			);
			defaultConfigurationIsVisible = 0;
			defaultConfigurationName = Release;
		};
		BAFF27B81C2A766C00528707 /* Build configuration list for PBXNativeTarget "SocialAppPrototype" */ = {
			isa = XCConfigurationList;
			buildConfigurations = (
				BAFF27B91C2A766C00528707 /* Debug */,
				BAFF27BA1C2A766C00528707 /* Release */,
			);
			defaultConfigurationIsVisible = 0;
			defaultConfigurationName = Release;
		};
/* End XCConfigurationList section */
	};
	rootObject = BAFF279E1C2A766C00528707 /* Project object */;
}
